// !$*UTF8*$!
{
	archiveVersion = 1;
	classes = {
	};
	objectVersion = 51;
	objects = {

/* Begin PBXBuildFile section */
		568AF2BABBCCF7DC50595198 /* Pods_Indonesian_NewsTests.framework in Frameworks */ = {isa = PBXBuildFile; fileRef = CF4EE79EF7D6DBC05085F4F3 /* Pods_Indonesian_NewsTests.framework */; };
		975D1B29245EA52C00E9B4BA /* ReactiveExt.swift in Sources */ = {isa = PBXBuildFile; fileRef = 975D1B28245EA52C00E9B4BA /* ReactiveExt.swift */; };
		975D1B2A245EA76200E9B4BA /* Pods_Indonesian_News.framework in Frameworks */ = {isa = PBXBuildFile; fileRef = A8E210D10FE0BB7F3BB2C525 /* Pods_Indonesian_News.framework */; };
		975D1B2E245EAE7900E9B4BA /* BaseService.swift in Sources */ = {isa = PBXBuildFile; fileRef = 975D1B2D245EAE7900E9B4BA /* BaseService.swift */; };
		975D1B30245EAED600E9B4BA /* BaseApi.swift in Sources */ = {isa = PBXBuildFile; fileRef = 975D1B2F245EAED600E9B4BA /* BaseApi.swift */; };
		975D1B34245EB01F00E9B4BA /* NewsApi.swift in Sources */ = {isa = PBXBuildFile; fileRef = 975D1B33245EB01F00E9B4BA /* NewsApi.swift */; };
		975D1B36245EB9B600E9B4BA /* NewsModel.swift in Sources */ = {isa = PBXBuildFile; fileRef = 975D1B35245EB9B600E9B4BA /* NewsModel.swift */; };
		975D1B38245EBEDD00E9B4BA /* NewsService.swift in Sources */ = {isa = PBXBuildFile; fileRef = 975D1B37245EBEDD00E9B4BA /* NewsService.swift */; };
		975D1B3C245ED7F900E9B4BA /* LoaderState.swift in Sources */ = {isa = PBXBuildFile; fileRef = 975D1B3B245ED7F900E9B4BA /* LoaderState.swift */; };
		975D1B3F245ED81D00E9B4BA /* ObservableData.swift in Sources */ = {isa = PBXBuildFile; fileRef = 975D1B3E245ED81D00E9B4BA /* ObservableData.swift */; };
		977F2522245FEB7300C1BD43 /* TopHeadlinesCell.swift in Sources */ = {isa = PBXBuildFile; fileRef = 977F2520245FEB7300C1BD43 /* TopHeadlinesCell.swift */; };
		977F2523245FEB7300C1BD43 /* TopHeadlinesCell.xib in Resources */ = {isa = PBXBuildFile; fileRef = 977F2521245FEB7300C1BD43 /* TopHeadlinesCell.xib */; };
		977F2527245FEBD100C1BD43 /* XIBView.swift in Sources */ = {isa = PBXBuildFile; fileRef = 977F2526245FEBD100C1BD43 /* XIBView.swift */; };
		977F2529245FEC2200C1BD43 /* UIViewExt.swift in Sources */ = {isa = PBXBuildFile; fileRef = 977F2528245FEC2200C1BD43 /* UIViewExt.swift */; };
		977F252C245FEDAA00C1BD43 /* TopHeadLinesCollectionViewCell.swift in Sources */ = {isa = PBXBuildFile; fileRef = 977F252A245FEDAA00C1BD43 /* TopHeadLinesCollectionViewCell.swift */; };
		977F252D245FEDAA00C1BD43 /* TopHeadLinesCollectionViewCell.xib in Resources */ = {isa = PBXBuildFile; fileRef = 977F252B245FEDAA00C1BD43 /* TopHeadLinesCollectionViewCell.xib */; };
		977F252F2460087000C1BD43 /* UICollectionViewCellExt.swift in Sources */ = {isa = PBXBuildFile; fileRef = 977F252E2460087000C1BD43 /* UICollectionViewCellExt.swift */; };
		977F253124600B3400C1BD43 /* BaseCollectionViewCell.swift in Sources */ = {isa = PBXBuildFile; fileRef = 977F253024600B3400C1BD43 /* BaseCollectionViewCell.swift */; };
		977F253324600C8600C1BD43 /* UIImageViewExt.swift in Sources */ = {isa = PBXBuildFile; fileRef = 977F253224600C8600C1BD43 /* UIImageViewExt.swift */; };
		977F2536246051B800C1BD43 /* NewsTableView.swift in Sources */ = {isa = PBXBuildFile; fileRef = 977F2535246051B800C1BD43 /* NewsTableView.swift */; };
		977F25392460543100C1BD43 /* GeneralNewsCell.swift in Sources */ = {isa = PBXBuildFile; fileRef = 977F25372460543100C1BD43 /* GeneralNewsCell.swift */; };
		977F253A2460543100C1BD43 /* GeneralNewsCell.xib in Resources */ = {isa = PBXBuildFile; fileRef = 977F25382460543100C1BD43 /* GeneralNewsCell.xib */; };
		977F254124605F2700C1BD43 /* Roboto-Regular.ttf in Resources */ = {isa = PBXBuildFile; fileRef = 977F253F24605F2700C1BD43 /* Roboto-Regular.ttf */; };
		977F254324605F7A00C1BD43 /* Roboto-Bold.ttf in Resources */ = {isa = PBXBuildFile; fileRef = 977F254224605F7A00C1BD43 /* Roboto-Bold.ttf */; };
		977F25452460628700C1BD43 /* FontConfig.swift in Sources */ = {isa = PBXBuildFile; fileRef = 977F25442460628700C1BD43 /* FontConfig.swift */; };
		977F254924606FFF00C1BD43 /* SectionData.swift in Sources */ = {isa = PBXBuildFile; fileRef = 977F254824606FFF00C1BD43 /* SectionData.swift */; };
		977F254E24607A4600C1BD43 /* SectionHeaderView.swift in Sources */ = {isa = PBXBuildFile; fileRef = 977F254C24607A4600C1BD43 /* SectionHeaderView.swift */; };
		977F254F24607A4600C1BD43 /* SectionHeaderView.xib in Resources */ = {isa = PBXBuildFile; fileRef = 977F254D24607A4600C1BD43 /* SectionHeaderView.xib */; };
		977F25512460EA1C00C1BD43 /* BaseTableView.swift in Sources */ = {isa = PBXBuildFile; fileRef = 977F25502460EA1C00C1BD43 /* BaseTableView.swift */; };
		977F25542461373100C1BD43 /* NewsDetailViewController.swift in Sources */ = {isa = PBXBuildFile; fileRef = 977F25522461373100C1BD43 /* NewsDetailViewController.swift */; };
		977F25552461373100C1BD43 /* NewsDetailViewController.xib in Resources */ = {isa = PBXBuildFile; fileRef = 977F25532461373100C1BD43 /* NewsDetailViewController.xib */; };
		977F255B24615F8500C1BD43 /* paging.png in Resources */ = {isa = PBXBuildFile; fileRef = 977F255724615F8400C1BD43 /* paging.png */; };
		977F255C24615F8500C1BD43 /* detail.png in Resources */ = {isa = PBXBuildFile; fileRef = 977F255824615F8400C1BD43 /* detail.png */; };
		977F255D24615F8500C1BD43 /* dashboard.png in Resources */ = {isa = PBXBuildFile; fileRef = 977F255924615F8500C1BD43 /* dashboard.png */; };
		977F255E24615F8500C1BD43 /* launchsreen.png in Resources */ = {isa = PBXBuildFile; fileRef = 977F255A24615F8500C1BD43 /* launchsreen.png */; };
		9796F809245D71D40072E625 /* AppDelegate.swift in Sources */ = {isa = PBXBuildFile; fileRef = 9796F808245D71D40072E625 /* AppDelegate.swift */; };
		9796F80B245D71D40072E625 /* SceneDelegate.swift in Sources */ = {isa = PBXBuildFile; fileRef = 9796F80A245D71D40072E625 /* SceneDelegate.swift */; };
		9796F80D245D71D40072E625 /* DashboardViewController.swift in Sources */ = {isa = PBXBuildFile; fileRef = 9796F80C245D71D40072E625 /* DashboardViewController.swift */; };
		9796F810245D71D40072E625 /* Main.storyboard in Resources */ = {isa = PBXBuildFile; fileRef = 9796F80E245D71D40072E625 /* Main.storyboard */; };
		9796F812245D71D50072E625 /* Assets.xcassets in Resources */ = {isa = PBXBuildFile; fileRef = 9796F811245D71D50072E625 /* Assets.xcassets */; };
		9796F815245D71D50072E625 /* LaunchScreen.storyboard in Resources */ = {isa = PBXBuildFile; fileRef = 9796F813245D71D50072E625 /* LaunchScreen.storyboard */; };
		9796F820245D71D50072E625 /* Indonesian_NewsTests.swift in Sources */ = {isa = PBXBuildFile; fileRef = 9796F81F245D71D50072E625 /* Indonesian_NewsTests.swift */; };
		9796F82B245D71D50072E625 /* Indonesian_NewsUITests.swift in Sources */ = {isa = PBXBuildFile; fileRef = 9796F82A245D71D50072E625 /* Indonesian_NewsUITests.swift */; };
		9796F840245D743E0072E625 /* LoaderVC.swift in Sources */ = {isa = PBXBuildFile; fileRef = 9796F83F245D743E0072E625 /* LoaderVC.swift */; };
		9796F842245D76010072E625 /* BaseViewController.swift in Sources */ = {isa = PBXBuildFile; fileRef = 9796F841245D76010072E625 /* BaseViewController.swift */; };
		9796F844245D76B60072E625 /* AlertBuilder.swift in Sources */ = {isa = PBXBuildFile; fileRef = 9796F843245D76B60072E625 /* AlertBuilder.swift */; };
		9796F847245D7B7A0072E625 /* UITableViewCellExt.swift in Sources */ = {isa = PBXBuildFile; fileRef = 9796F846245D7B7A0072E625 /* UITableViewCellExt.swift */; };
		9796F84D245D7D5B0072E625 /* NewsViewModel.swift in Sources */ = {isa = PBXBuildFile; fileRef = 9796F84C245D7D5B0072E625 /* NewsViewModel.swift */; };
		9796F84F245D7D740072E625 /* BaseViewModel.swift in Sources */ = {isa = PBXBuildFile; fileRef = 9796F84E245D7D740072E625 /* BaseViewModel.swift */; };
		97C128B5247109DB00386E29 /* BuildConfig.swift in Sources */ = {isa = PBXBuildFile; fileRef = 97C128B4247109DB00386E29 /* BuildConfig.swift */; };
/* End PBXBuildFile section */

/* Begin PBXContainerItemProxy section */
		9796F81C245D71D50072E625 /* PBXContainerItemProxy */ = {
			isa = PBXContainerItemProxy;
			containerPortal = 9796F7FD245D71D40072E625 /* Project object */;
			proxyType = 1;
			remoteGlobalIDString = 9796F804245D71D40072E625;
			remoteInfo = "Indonesian News";
		};
		9796F827245D71D50072E625 /* PBXContainerItemProxy */ = {
			isa = PBXContainerItemProxy;
			containerPortal = 9796F7FD245D71D40072E625 /* Project object */;
			proxyType = 1;
			remoteGlobalIDString = 9796F804245D71D40072E625;
			remoteInfo = "Indonesian News";
		};
/* End PBXContainerItemProxy section */

/* Begin PBXFileReference section */
		711AC10A26D81A7681AE97FF /* Pods-Indonesian News.debug.xcconfig */ = {isa = PBXFileReference; includeInIndex = 1; lastKnownFileType = text.xcconfig; name = "Pods-Indonesian News.debug.xcconfig"; path = "Target Support Files/Pods-Indonesian News/Pods-Indonesian News.debug.xcconfig"; sourceTree = "<group>"; };
		96C8F7E476C9588873A20085 /* Pods-Indonesian NewsTests.debug.xcconfig */ = {isa = PBXFileReference; includeInIndex = 1; lastKnownFileType = text.xcconfig; name = "Pods-Indonesian NewsTests.debug.xcconfig"; path = "Target Support Files/Pods-Indonesian NewsTests/Pods-Indonesian NewsTests.debug.xcconfig"; sourceTree = "<group>"; };
		975D1B28245EA52C00E9B4BA /* ReactiveExt.swift */ = {isa = PBXFileReference; lastKnownFileType = sourcecode.swift; path = ReactiveExt.swift; sourceTree = "<group>"; };
		975D1B2D245EAE7900E9B4BA /* BaseService.swift */ = {isa = PBXFileReference; lastKnownFileType = sourcecode.swift; path = BaseService.swift; sourceTree = "<group>"; };
		975D1B2F245EAED600E9B4BA /* BaseApi.swift */ = {isa = PBXFileReference; lastKnownFileType = sourcecode.swift; path = BaseApi.swift; sourceTree = "<group>"; };
		975D1B33245EB01F00E9B4BA /* NewsApi.swift */ = {isa = PBXFileReference; lastKnownFileType = sourcecode.swift; path = NewsApi.swift; sourceTree = "<group>"; };
		975D1B35245EB9B600E9B4BA /* NewsModel.swift */ = {isa = PBXFileReference; lastKnownFileType = sourcecode.swift; path = NewsModel.swift; sourceTree = "<group>"; };
		975D1B37245EBEDD00E9B4BA /* NewsService.swift */ = {isa = PBXFileReference; lastKnownFileType = sourcecode.swift; path = NewsService.swift; sourceTree = "<group>"; };
		975D1B3B245ED7F900E9B4BA /* LoaderState.swift */ = {isa = PBXFileReference; lastKnownFileType = sourcecode.swift; path = LoaderState.swift; sourceTree = "<group>"; };
		975D1B3E245ED81D00E9B4BA /* ObservableData.swift */ = {isa = PBXFileReference; lastKnownFileType = sourcecode.swift; path = ObservableData.swift; sourceTree = "<group>"; };
		977F2520245FEB7300C1BD43 /* TopHeadlinesCell.swift */ = {isa = PBXFileReference; lastKnownFileType = sourcecode.swift; path = TopHeadlinesCell.swift; sourceTree = "<group>"; };
		977F2521245FEB7300C1BD43 /* TopHeadlinesCell.xib */ = {isa = PBXFileReference; lastKnownFileType = file.xib; path = TopHeadlinesCell.xib; sourceTree = "<group>"; };
		977F2526245FEBD100C1BD43 /* XIBView.swift */ = {isa = PBXFileReference; lastKnownFileType = sourcecode.swift; path = XIBView.swift; sourceTree = "<group>"; };
		977F2528245FEC2200C1BD43 /* UIViewExt.swift */ = {isa = PBXFileReference; lastKnownFileType = sourcecode.swift; path = UIViewExt.swift; sourceTree = "<group>"; };
		977F252A245FEDAA00C1BD43 /* TopHeadLinesCollectionViewCell.swift */ = {isa = PBXFileReference; lastKnownFileType = sourcecode.swift; path = TopHeadLinesCollectionViewCell.swift; sourceTree = "<group>"; };
		977F252B245FEDAA00C1BD43 /* TopHeadLinesCollectionViewCell.xib */ = {isa = PBXFileReference; lastKnownFileType = file.xib; path = TopHeadLinesCollectionViewCell.xib; sourceTree = "<group>"; };
		977F252E2460087000C1BD43 /* UICollectionViewCellExt.swift */ = {isa = PBXFileReference; lastKnownFileType = sourcecode.swift; path = UICollectionViewCellExt.swift; sourceTree = "<group>"; };
		977F253024600B3400C1BD43 /* BaseCollectionViewCell.swift */ = {isa = PBXFileReference; lastKnownFileType = sourcecode.swift; path = BaseCollectionViewCell.swift; sourceTree = "<group>"; };
		977F253224600C8600C1BD43 /* UIImageViewExt.swift */ = {isa = PBXFileReference; lastKnownFileType = sourcecode.swift; path = UIImageViewExt.swift; sourceTree = "<group>"; };
		977F2535246051B800C1BD43 /* NewsTableView.swift */ = {isa = PBXFileReference; lastKnownFileType = sourcecode.swift; path = NewsTableView.swift; sourceTree = "<group>"; };
		977F25372460543100C1BD43 /* GeneralNewsCell.swift */ = {isa = PBXFileReference; lastKnownFileType = sourcecode.swift; path = GeneralNewsCell.swift; sourceTree = "<group>"; };
		977F25382460543100C1BD43 /* GeneralNewsCell.xib */ = {isa = PBXFileReference; lastKnownFileType = file.xib; path = GeneralNewsCell.xib; sourceTree = "<group>"; };
		977F253F24605F2700C1BD43 /* Roboto-Regular.ttf */ = {isa = PBXFileReference; lastKnownFileType = file; path = "Roboto-Regular.ttf"; sourceTree = "<group>"; };
		977F254224605F7A00C1BD43 /* Roboto-Bold.ttf */ = {isa = PBXFileReference; lastKnownFileType = file; path = "Roboto-Bold.ttf"; sourceTree = "<group>"; };
		977F25442460628700C1BD43 /* FontConfig.swift */ = {isa = PBXFileReference; lastKnownFileType = sourcecode.swift; path = FontConfig.swift; sourceTree = "<group>"; };
		977F254824606FFF00C1BD43 /* SectionData.swift */ = {isa = PBXFileReference; lastKnownFileType = sourcecode.swift; path = SectionData.swift; sourceTree = "<group>"; };
		977F254C24607A4600C1BD43 /* SectionHeaderView.swift */ = {isa = PBXFileReference; lastKnownFileType = sourcecode.swift; path = SectionHeaderView.swift; sourceTree = "<group>"; };
		977F254D24607A4600C1BD43 /* SectionHeaderView.xib */ = {isa = PBXFileReference; lastKnownFileType = file.xib; path = SectionHeaderView.xib; sourceTree = "<group>"; };
		977F25502460EA1C00C1BD43 /* BaseTableView.swift */ = {isa = PBXFileReference; lastKnownFileType = sourcecode.swift; path = BaseTableView.swift; sourceTree = "<group>"; };
		977F25522461373100C1BD43 /* NewsDetailViewController.swift */ = {isa = PBXFileReference; lastKnownFileType = sourcecode.swift; path = NewsDetailViewController.swift; sourceTree = "<group>"; };
		977F25532461373100C1BD43 /* NewsDetailViewController.xib */ = {isa = PBXFileReference; lastKnownFileType = file.xib; path = NewsDetailViewController.xib; sourceTree = "<group>"; };
		977F255724615F8400C1BD43 /* paging.png */ = {isa = PBXFileReference; lastKnownFileType = image.png; path = paging.png; sourceTree = "<group>"; };
		977F255824615F8400C1BD43 /* detail.png */ = {isa = PBXFileReference; lastKnownFileType = image.png; path = detail.png; sourceTree = "<group>"; };
		977F255924615F8500C1BD43 /* dashboard.png */ = {isa = PBXFileReference; lastKnownFileType = image.png; path = dashboard.png; sourceTree = "<group>"; };
		977F255A24615F8500C1BD43 /* launchsreen.png */ = {isa = PBXFileReference; lastKnownFileType = image.png; path = launchsreen.png; sourceTree = "<group>"; };
		9796F805245D71D40072E625 /* Indonesian News.app */ = {isa = PBXFileReference; explicitFileType = wrapper.application; includeInIndex = 0; path = "Indonesian News.app"; sourceTree = BUILT_PRODUCTS_DIR; };
		9796F808245D71D40072E625 /* AppDelegate.swift */ = {isa = PBXFileReference; lastKnownFileType = sourcecode.swift; path = AppDelegate.swift; sourceTree = "<group>"; };
		9796F80A245D71D40072E625 /* SceneDelegate.swift */ = {isa = PBXFileReference; lastKnownFileType = sourcecode.swift; path = SceneDelegate.swift; sourceTree = "<group>"; };
		9796F80C245D71D40072E625 /* DashboardViewController.swift */ = {isa = PBXFileReference; lastKnownFileType = sourcecode.swift; path = DashboardViewController.swift; sourceTree = "<group>"; };
		9796F80F245D71D40072E625 /* Base */ = {isa = PBXFileReference; lastKnownFileType = file.storyboard; name = Base; path = Base.lproj/Main.storyboard; sourceTree = "<group>"; };
		9796F811245D71D50072E625 /* Assets.xcassets */ = {isa = PBXFileReference; lastKnownFileType = folder.assetcatalog; path = Assets.xcassets; sourceTree = "<group>"; };
		9796F814245D71D50072E625 /* Base */ = {isa = PBXFileReference; lastKnownFileType = file.storyboard; name = Base; path = Base.lproj/LaunchScreen.storyboard; sourceTree = "<group>"; };
		9796F816245D71D50072E625 /* Info.plist */ = {isa = PBXFileReference; lastKnownFileType = text.plist.xml; path = Info.plist; sourceTree = "<group>"; };
		9796F81B245D71D50072E625 /* Indonesian NewsTests.xctest */ = {isa = PBXFileReference; explicitFileType = wrapper.cfbundle; includeInIndex = 0; path = "Indonesian NewsTests.xctest"; sourceTree = BUILT_PRODUCTS_DIR; };
		9796F81F245D71D50072E625 /* Indonesian_NewsTests.swift */ = {isa = PBXFileReference; lastKnownFileType = sourcecode.swift; path = Indonesian_NewsTests.swift; sourceTree = "<group>"; };
		9796F821245D71D50072E625 /* Info.plist */ = {isa = PBXFileReference; lastKnownFileType = text.plist.xml; path = Info.plist; sourceTree = "<group>"; };
		9796F826245D71D50072E625 /* Indonesian NewsUITests.xctest */ = {isa = PBXFileReference; explicitFileType = wrapper.cfbundle; includeInIndex = 0; path = "Indonesian NewsUITests.xctest"; sourceTree = BUILT_PRODUCTS_DIR; };
		9796F82A245D71D50072E625 /* Indonesian_NewsUITests.swift */ = {isa = PBXFileReference; lastKnownFileType = sourcecode.swift; path = Indonesian_NewsUITests.swift; sourceTree = "<group>"; };
		9796F82C245D71D50072E625 /* Info.plist */ = {isa = PBXFileReference; lastKnownFileType = text.plist.xml; path = Info.plist; sourceTree = "<group>"; };
		9796F83F245D743E0072E625 /* LoaderVC.swift */ = {isa = PBXFileReference; lastKnownFileType = sourcecode.swift; path = LoaderVC.swift; sourceTree = "<group>"; };
		9796F841245D76010072E625 /* BaseViewController.swift */ = {isa = PBXFileReference; lastKnownFileType = sourcecode.swift; path = BaseViewController.swift; sourceTree = "<group>"; };
		9796F843245D76B60072E625 /* AlertBuilder.swift */ = {isa = PBXFileReference; lastKnownFileType = sourcecode.swift; path = AlertBuilder.swift; sourceTree = "<group>"; };
		9796F846245D7B7A0072E625 /* UITableViewCellExt.swift */ = {isa = PBXFileReference; lastKnownFileType = sourcecode.swift; path = UITableViewCellExt.swift; sourceTree = "<group>"; };
		9796F84C245D7D5B0072E625 /* NewsViewModel.swift */ = {isa = PBXFileReference; lastKnownFileType = sourcecode.swift; path = NewsViewModel.swift; sourceTree = "<group>"; };
		9796F84E245D7D740072E625 /* BaseViewModel.swift */ = {isa = PBXFileReference; lastKnownFileType = sourcecode.swift; path = BaseViewModel.swift; sourceTree = "<group>"; };
		97C128B4247109DB00386E29 /* BuildConfig.swift */ = {isa = PBXFileReference; lastKnownFileType = sourcecode.swift; path = BuildConfig.swift; sourceTree = "<group>"; };
		9B1A95C301DCF5C7422521C4 /* Pods-Indonesian NewsTests.release.xcconfig */ = {isa = PBXFileReference; includeInIndex = 1; lastKnownFileType = text.xcconfig; name = "Pods-Indonesian NewsTests.release.xcconfig"; path = "Target Support Files/Pods-Indonesian NewsTests/Pods-Indonesian NewsTests.release.xcconfig"; sourceTree = "<group>"; };
		A8E210D10FE0BB7F3BB2C525 /* Pods_Indonesian_News.framework */ = {isa = PBXFileReference; explicitFileType = wrapper.framework; includeInIndex = 0; path = Pods_Indonesian_News.framework; sourceTree = BUILT_PRODUCTS_DIR; };
		CF4EE79EF7D6DBC05085F4F3 /* Pods_Indonesian_NewsTests.framework */ = {isa = PBXFileReference; explicitFileType = wrapper.framework; includeInIndex = 0; path = Pods_Indonesian_NewsTests.framework; sourceTree = BUILT_PRODUCTS_DIR; };
		E1BAFE5E7F85BC8C52537B62 /* Pods-Indonesian News.release.xcconfig */ = {isa = PBXFileReference; includeInIndex = 1; lastKnownFileType = text.xcconfig; name = "Pods-Indonesian News.release.xcconfig"; path = "Target Support Files/Pods-Indonesian News/Pods-Indonesian News.release.xcconfig"; sourceTree = "<group>"; };
/* End PBXFileReference section */

/* Begin PBXFrameworksBuildPhase section */
		9796F802245D71D40072E625 /* Frameworks */ = {
			isa = PBXFrameworksBuildPhase;
			buildActionMask = 2147483647;
			files = (
				975D1B2A245EA76200E9B4BA /* Pods_Indonesian_News.framework in Frameworks */,
			);
			runOnlyForDeploymentPostprocessing = 0;
		};
		9796F818245D71D50072E625 /* Frameworks */ = {
			isa = PBXFrameworksBuildPhase;
			buildActionMask = 2147483647;
			files = (
				568AF2BABBCCF7DC50595198 /* Pods_Indonesian_NewsTests.framework in Frameworks */,
			);
			runOnlyForDeploymentPostprocessing = 0;
		};
		9796F823245D71D50072E625 /* Frameworks */ = {
			isa = PBXFrameworksBuildPhase;
			buildActionMask = 2147483647;
			files = (
			);
			runOnlyForDeploymentPostprocessing = 0;
		};
/* End PBXFrameworksBuildPhase section */

/* Begin PBXGroup section */
		0A26CC6649AC3E37D5456A46 /* Frameworks */ = {
			isa = PBXGroup;
			children = (
				A8E210D10FE0BB7F3BB2C525 /* Pods_Indonesian_News.framework */,
				CF4EE79EF7D6DBC05085F4F3 /* Pods_Indonesian_NewsTests.framework */,
			);
			name = Frameworks;
			sourceTree = "<group>";
		};
		975D1B24245E909700E9B4BA /* View */ = {
			isa = PBXGroup;
			children = (
				9796F83F245D743E0072E625 /* LoaderVC.swift */,
				9796F843245D76B60072E625 /* AlertBuilder.swift */,
				975D1B3B245ED7F900E9B4BA /* LoaderState.swift */,
				977F2526245FEBD100C1BD43 /* XIBView.swift */,
			);
			path = View;
			sourceTree = "<group>";
		};
		975D1B31245EAF4500E9B4BA /* Api */ = {
			isa = PBXGroup;
			children = (
				975D1B33245EB01F00E9B4BA /* NewsApi.swift */,
			);
			path = Api;
			sourceTree = "<group>";
		};
		975D1B32245EAF5A00E9B4BA /* Service */ = {
			isa = PBXGroup;
			children = (
				975D1B37245EBEDD00E9B4BA /* NewsService.swift */,
			);
			path = Service;
			sourceTree = "<group>";
		};
		975D1B39245ED67600E9B4BA /* View */ = {
			isa = PBXGroup;
			children = (
				9796F846245D7B7A0072E625 /* UITableViewCellExt.swift */,
				977F2528245FEC2200C1BD43 /* UIViewExt.swift */,
				977F252E2460087000C1BD43 /* UICollectionViewCellExt.swift */,
				977F253224600C8600C1BD43 /* UIImageViewExt.swift */,
			);
			path = View;
			sourceTree = "<group>";
		};
		975D1B3A245ED67B00E9B4BA /* Data */ = {
			isa = PBXGroup;
			children = (
				975D1B28245EA52C00E9B4BA /* ReactiveExt.swift */,
			);
			path = Data;
			sourceTree = "<group>";
		};
		975D1B3D245ED81300E9B4BA /* Data */ = {
			isa = PBXGroup;
			children = (
				975D1B3E245ED81D00E9B4BA /* ObservableData.swift */,
			);
			path = Data;
			sourceTree = "<group>";
		};
		977F251E245FC02000C1BD43 /* Cell */ = {
			isa = PBXGroup;
			children = (
				977F2520245FEB7300C1BD43 /* TopHeadlinesCell.swift */,
				977F2521245FEB7300C1BD43 /* TopHeadlinesCell.xib */,
				977F252A245FEDAA00C1BD43 /* TopHeadLinesCollectionViewCell.swift */,
				977F252B245FEDAA00C1BD43 /* TopHeadLinesCollectionViewCell.xib */,
				977F25372460543100C1BD43 /* GeneralNewsCell.swift */,
				977F25382460543100C1BD43 /* GeneralNewsCell.xib */,
				977F254C24607A4600C1BD43 /* SectionHeaderView.swift */,
				977F254D24607A4600C1BD43 /* SectionHeaderView.xib */,
			);
			path = Cell;
			sourceTree = "<group>";
		};
		977F251F245FC02700C1BD43 /* Controller */ = {
			isa = PBXGroup;
			children = (
				9796F80C245D71D40072E625 /* DashboardViewController.swift */,
				9796F80E245D71D40072E625 /* Main.storyboard */,
				977F25522461373100C1BD43 /* NewsDetailViewController.swift */,
				977F25532461373100C1BD43 /* NewsDetailViewController.xib */,
			);
			path = Controller;
			sourceTree = "<group>";
		};
		977F25342460517900C1BD43 /* Collection */ = {
			isa = PBXGroup;
			children = (
				977F2535246051B800C1BD43 /* NewsTableView.swift */,
			);
			path = Collection;
			sourceTree = "<group>";
		};
		977F253D24605EFA00C1BD43 /* Fonts */ = {
			isa = PBXGroup;
			children = (
				977F253F24605F2700C1BD43 /* Roboto-Regular.ttf */,
				977F254224605F7A00C1BD43 /* Roboto-Bold.ttf */,
			);
			path = Fonts;
			sourceTree = "<group>";
		};
		977F255624615F1200C1BD43 /* Preview */ = {
			isa = PBXGroup;
			children = (
				977F255924615F8500C1BD43 /* dashboard.png */,
				977F255824615F8400C1BD43 /* detail.png */,
				977F255A24615F8500C1BD43 /* launchsreen.png */,
				977F255724615F8400C1BD43 /* paging.png */,
			);
			path = Preview;
			sourceTree = "<group>";
		};
		9796F7FC245D71D40072E625 = {
			isa = PBXGroup;
			children = (
				9796F807245D71D40072E625 /* Indonesian News */,
				9796F81E245D71D50072E625 /* Indonesian NewsTests */,
				9796F829245D71D50072E625 /* Indonesian NewsUITests */,
				977F255624615F1200C1BD43 /* Preview */,
				9796F806245D71D40072E625 /* Products */,
				9C5403A817385D5FA8519F25 /* Pods */,
				0A26CC6649AC3E37D5456A46 /* Frameworks */,
			);
			sourceTree = "<group>";
		};
		9796F806245D71D40072E625 /* Products */ = {
			isa = PBXGroup;
			children = (
				9796F805245D71D40072E625 /* Indonesian News.app */,
				9796F81B245D71D50072E625 /* Indonesian NewsTests.xctest */,
				9796F826245D71D50072E625 /* Indonesian NewsUITests.xctest */,
			);
			name = Products;
			sourceTree = "<group>";
		};
		9796F807245D71D40072E625 /* Indonesian News */ = {
			isa = PBXGroup;
			children = (
				9796F838245D72050072E625 /* Core */,
				9796F83A245D72160072E625 /* Features */,
				9796F839245D720A0072E625 /* Resources */,
			);
			path = "Indonesian News";
			sourceTree = "<group>";
		};
		9796F81E245D71D50072E625 /* Indonesian NewsTests */ = {
			isa = PBXGroup;
			children = (
				9796F81F245D71D50072E625 /* Indonesian_NewsTests.swift */,
				9796F821245D71D50072E625 /* Info.plist */,
			);
			path = "Indonesian NewsTests";
			sourceTree = "<group>";
		};
		9796F829245D71D50072E625 /* Indonesian NewsUITests */ = {
			isa = PBXGroup;
			children = (
				9796F82A245D71D50072E625 /* Indonesian_NewsUITests.swift */,
				9796F82C245D71D50072E625 /* Info.plist */,
			);
			path = "Indonesian NewsUITests";
			sourceTree = "<group>";
		};
		9796F838245D72050072E625 /* Core */ = {
			isa = PBXGroup;
			children = (
				9796F83D245D73EB0072E625 /* Base */,
				97C128B3247109C100386E29 /* Config */,
				9796F83E245D73F60072E625 /* Utilities */,
				9796F808245D71D40072E625 /* AppDelegate.swift */,
				9796F813245D71D50072E625 /* LaunchScreen.storyboard */,
				9796F80A245D71D40072E625 /* SceneDelegate.swift */,
				9796F816245D71D50072E625 /* Info.plist */,
			);
			path = Core;
			sourceTree = "<group>";
		};
		9796F839245D720A0072E625 /* Resources */ = {
			isa = PBXGroup;
			children = (
				9796F811245D71D50072E625 /* Assets.xcassets */,
				977F253D24605EFA00C1BD43 /* Fonts */,
			);
			path = Resources;
			sourceTree = "<group>";
		};
		9796F83A245D72160072E625 /* Features */ = {
			isa = PBXGroup;
			children = (
				975D1B31245EAF4500E9B4BA /* Api */,
				975D1B32245EAF5A00E9B4BA /* Service */,
				9796F84A245D7D180072E625 /* Model */,
				9796F84B245D7D290072E625 /* View */,
				9796F849245D7D120072E625 /* ViewModel */,
			);
			path = Features;
			sourceTree = "<group>";
		};
		9796F83D245D73EB0072E625 /* Base */ = {
			isa = PBXGroup;
			children = (
				9796F841245D76010072E625 /* BaseViewController.swift */,
				9796F84E245D7D740072E625 /* BaseViewModel.swift */,
				975D1B2D245EAE7900E9B4BA /* BaseService.swift */,
				975D1B2F245EAED600E9B4BA /* BaseApi.swift */,
				977F253024600B3400C1BD43 /* BaseCollectionViewCell.swift */,
				977F25442460628700C1BD43 /* FontConfig.swift */,
				977F25502460EA1C00C1BD43 /* BaseTableView.swift */,
			);
			path = Base;
			sourceTree = "<group>";
		};
		9796F83E245D73F60072E625 /* Utilities */ = {
			isa = PBXGroup;
			children = (
				975D1B3D245ED81300E9B4BA /* Data */,
				975D1B24245E909700E9B4BA /* View */,
				9796F845245D7B530072E625 /* Extensions */,
			);
			path = Utilities;
			sourceTree = "<group>";
		};
		9796F845245D7B530072E625 /* Extensions */ = {
			isa = PBXGroup;
			children = (
				975D1B3A245ED67B00E9B4BA /* Data */,
				975D1B39245ED67600E9B4BA /* View */,
			);
			path = Extensions;
			sourceTree = "<group>";
		};
		9796F849245D7D120072E625 /* ViewModel */ = {
			isa = PBXGroup;
			children = (
				9796F84C245D7D5B0072E625 /* NewsViewModel.swift */,
			);
			path = ViewModel;
			sourceTree = "<group>";
		};
		9796F84A245D7D180072E625 /* Model */ = {
			isa = PBXGroup;
			children = (
				975D1B35245EB9B600E9B4BA /* NewsModel.swift */,
				977F254824606FFF00C1BD43 /* SectionData.swift */,
			);
			path = Model;
			sourceTree = "<group>";
		};
		9796F84B245D7D290072E625 /* View */ = {
			isa = PBXGroup;
			children = (
				977F25342460517900C1BD43 /* Collection */,
				977F251E245FC02000C1BD43 /* Cell */,
				977F251F245FC02700C1BD43 /* Controller */,
			);
			path = View;
			sourceTree = "<group>";
		};
		97C128B3247109C100386E29 /* Config */ = {
			isa = PBXGroup;
			children = (
				97C128B4247109DB00386E29 /* BuildConfig.swift */,
			);
			path = Config;
			sourceTree = "<group>";
		};
		9C5403A817385D5FA8519F25 /* Pods */ = {
			isa = PBXGroup;
			children = (
				711AC10A26D81A7681AE97FF /* Pods-Indonesian News.debug.xcconfig */,
				E1BAFE5E7F85BC8C52537B62 /* Pods-Indonesian News.release.xcconfig */,
				96C8F7E476C9588873A20085 /* Pods-Indonesian NewsTests.debug.xcconfig */,
				9B1A95C301DCF5C7422521C4 /* Pods-Indonesian NewsTests.release.xcconfig */,
			);
			path = Pods;
			sourceTree = "<group>";
		};
/* End PBXGroup section */

/* Begin PBXNativeTarget section */
		9796F804245D71D40072E625 /* Indonesian News */ = {
			isa = PBXNativeTarget;
			buildConfigurationList = 9796F82F245D71D50072E625 /* Build configuration list for PBXNativeTarget "Indonesian News" */;
			buildPhases = (
				4EB5B1F7CED1FFB13B768D14 /* [CP] Check Pods Manifest.lock */,
				9796F801245D71D40072E625 /* Sources */,
				9796F802245D71D40072E625 /* Frameworks */,
				9796F803245D71D40072E625 /* Resources */,
				4EABD0A900F74DDFFC3697D8 /* [CP] Embed Pods Frameworks */,
			);
			buildRules = (
			);
			dependencies = (
			);
			name = "Indonesian News";
			productName = "Indonesian News";
			productReference = 9796F805245D71D40072E625 /* Indonesian News.app */;
			productType = "com.apple.product-type.application";
		};
		9796F81A245D71D50072E625 /* Indonesian NewsTests */ = {
			isa = PBXNativeTarget;
			buildConfigurationList = 9796F832245D71D50072E625 /* Build configuration list for PBXNativeTarget "Indonesian NewsTests" */;
			buildPhases = (
				FAD72889A109406DB305B5B4 /* [CP] Check Pods Manifest.lock */,
				9796F817245D71D50072E625 /* Sources */,
				9796F818245D71D50072E625 /* Frameworks */,
				9796F819245D71D50072E625 /* Resources */,
			);
			buildRules = (
			);
			dependencies = (
				9796F81D245D71D50072E625 /* PBXTargetDependency */,
			);
			name = "Indonesian NewsTests";
			productName = "Indonesian NewsTests";
			productReference = 9796F81B245D71D50072E625 /* Indonesian NewsTests.xctest */;
			productType = "com.apple.product-type.bundle.unit-test";
		};
		9796F825245D71D50072E625 /* Indonesian NewsUITests */ = {
			isa = PBXNativeTarget;
			buildConfigurationList = 9796F835245D71D50072E625 /* Build configuration list for PBXNativeTarget "Indonesian NewsUITests" */;
			buildPhases = (
				9796F822245D71D50072E625 /* Sources */,
				9796F823245D71D50072E625 /* Frameworks */,
				9796F824245D71D50072E625 /* Resources */,
			);
			buildRules = (
			);
			dependencies = (
				9796F828245D71D50072E625 /* PBXTargetDependency */,
			);
			name = "Indonesian NewsUITests";
			productName = "Indonesian NewsUITests";
			productReference = 9796F826245D71D50072E625 /* Indonesian NewsUITests.xctest */;
			productType = "com.apple.product-type.bundle.ui-testing";
		};
/* End PBXNativeTarget section */

/* Begin PBXProject section */
		9796F7FD245D71D40072E625 /* Project object */ = {
			isa = PBXProject;
			attributes = {
				LastSwiftUpdateCheck = 1140;
				LastUpgradeCheck = 1140;
				ORGANIZATIONNAME = multipolar;
				TargetAttributes = {
					9796F804245D71D40072E625 = {
						CreatedOnToolsVersion = 11.4.1;
					};
					9796F81A245D71D50072E625 = {
						CreatedOnToolsVersion = 11.4.1;
						TestTargetID = 9796F804245D71D40072E625;
					};
					9796F825245D71D50072E625 = {
						CreatedOnToolsVersion = 11.4.1;
						TestTargetID = 9796F804245D71D40072E625;
					};
				};
			};
			buildConfigurationList = 9796F800245D71D40072E625 /* Build configuration list for PBXProject "Indonesian News" */;
			compatibilityVersion = "Xcode 9.3";
			developmentRegion = en;
			hasScannedForEncodings = 0;
			knownRegions = (
				en,
				Base,
			);
			mainGroup = 9796F7FC245D71D40072E625;
			productRefGroup = 9796F806245D71D40072E625 /* Products */;
			projectDirPath = "";
			projectRoot = "";
			targets = (
				9796F804245D71D40072E625 /* Indonesian News */,
				9796F81A245D71D50072E625 /* Indonesian NewsTests */,
				9796F825245D71D50072E625 /* Indonesian NewsUITests */,
			);
		};
/* End PBXProject section */

/* Begin PBXResourcesBuildPhase section */
		9796F803245D71D40072E625 /* Resources */ = {
			isa = PBXResourcesBuildPhase;
			buildActionMask = 2147483647;
			files = (
				9796F815245D71D50072E625 /* LaunchScreen.storyboard in Resources */,
				977F253A2460543100C1BD43 /* GeneralNewsCell.xib in Resources */,
				977F254124605F2700C1BD43 /* Roboto-Regular.ttf in Resources */,
				977F2523245FEB7300C1BD43 /* TopHeadlinesCell.xib in Resources */,
				977F254F24607A4600C1BD43 /* SectionHeaderView.xib in Resources */,
				9796F812245D71D50072E625 /* Assets.xcassets in Resources */,
				977F25552461373100C1BD43 /* NewsDetailViewController.xib in Resources */,
				977F252D245FEDAA00C1BD43 /* TopHeadLinesCollectionViewCell.xib in Resources */,
				977F255E24615F8500C1BD43 /* launchsreen.png in Resources */,
				977F255D24615F8500C1BD43 /* dashboard.png in Resources */,
				977F255C24615F8500C1BD43 /* detail.png in Resources */,
				977F254324605F7A00C1BD43 /* Roboto-Bold.ttf in Resources */,
				977F255B24615F8500C1BD43 /* paging.png in Resources */,
				9796F810245D71D40072E625 /* Main.storyboard in Resources */,
			);
			runOnlyForDeploymentPostprocessing = 0;
		};
		9796F819245D71D50072E625 /* Resources */ = {
			isa = PBXResourcesBuildPhase;
			buildActionMask = 2147483647;
			files = (
			);
			runOnlyForDeploymentPostprocessing = 0;
		};
		9796F824245D71D50072E625 /* Resources */ = {
			isa = PBXResourcesBuildPhase;
			buildActionMask = 2147483647;
			files = (
			);
			runOnlyForDeploymentPostprocessing = 0;
		};
/* End PBXResourcesBuildPhase section */

/* Begin PBXShellScriptBuildPhase section */
		4EABD0A900F74DDFFC3697D8 /* [CP] Embed Pods Frameworks */ = {
			isa = PBXShellScriptBuildPhase;
			buildActionMask = 2147483647;
			files = (
			);
			inputFileListPaths = (
				"${PODS_ROOT}/Target Support Files/Pods-Indonesian News/Pods-Indonesian News-frameworks-${CONFIGURATION}-input-files.xcfilelist",
			);
			name = "[CP] Embed Pods Frameworks";
			outputFileListPaths = (
				"${PODS_ROOT}/Target Support Files/Pods-Indonesian News/Pods-Indonesian News-frameworks-${CONFIGURATION}-output-files.xcfilelist",
			);
			runOnlyForDeploymentPostprocessing = 0;
			shellPath = /bin/sh;
			shellScript = "\"${PODS_ROOT}/Target Support Files/Pods-Indonesian News/Pods-Indonesian News-frameworks.sh\"\n";
			showEnvVarsInLog = 0;
		};
		4EB5B1F7CED1FFB13B768D14 /* [CP] Check Pods Manifest.lock */ = {
			isa = PBXShellScriptBuildPhase;
			buildActionMask = 2147483647;
			files = (
			);
			inputFileListPaths = (
			);
			inputPaths = (
				"${PODS_PODFILE_DIR_PATH}/Podfile.lock",
				"${PODS_ROOT}/Manifest.lock",
			);
			name = "[CP] Check Pods Manifest.lock";
			outputFileListPaths = (
			);
			outputPaths = (
				"$(DERIVED_FILE_DIR)/Pods-Indonesian News-checkManifestLockResult.txt",
			);
			runOnlyForDeploymentPostprocessing = 0;
			shellPath = /bin/sh;
			shellScript = "diff \"${PODS_PODFILE_DIR_PATH}/Podfile.lock\" \"${PODS_ROOT}/Manifest.lock\" > /dev/null\nif [ $? != 0 ] ; then\n    # print error to STDERR\n    echo \"error: The sandbox is not in sync with the Podfile.lock. Run 'pod install' or update your CocoaPods installation.\" >&2\n    exit 1\nfi\n# This output is used by Xcode 'outputs' to avoid re-running this script phase.\necho \"SUCCESS\" > \"${SCRIPT_OUTPUT_FILE_0}\"\n";
			showEnvVarsInLog = 0;
		};
		FAD72889A109406DB305B5B4 /* [CP] Check Pods Manifest.lock */ = {
			isa = PBXShellScriptBuildPhase;
			buildActionMask = 2147483647;
			files = (
			);
			inputFileListPaths = (
			);
			inputPaths = (
				"${PODS_PODFILE_DIR_PATH}/Podfile.lock",
				"${PODS_ROOT}/Manifest.lock",
			);
			name = "[CP] Check Pods Manifest.lock";
			outputFileListPaths = (
			);
			outputPaths = (
				"$(DERIVED_FILE_DIR)/Pods-Indonesian NewsTests-checkManifestLockResult.txt",
			);
			runOnlyForDeploymentPostprocessing = 0;
			shellPath = /bin/sh;
			shellScript = "diff \"${PODS_PODFILE_DIR_PATH}/Podfile.lock\" \"${PODS_ROOT}/Manifest.lock\" > /dev/null\nif [ $? != 0 ] ; then\n    # print error to STDERR\n    echo \"error: The sandbox is not in sync with the Podfile.lock. Run 'pod install' or update your CocoaPods installation.\" >&2\n    exit 1\nfi\n# This output is used by Xcode 'outputs' to avoid re-running this script phase.\necho \"SUCCESS\" > \"${SCRIPT_OUTPUT_FILE_0}\"\n";
			showEnvVarsInLog = 0;
		};
/* End PBXShellScriptBuildPhase section */

/* Begin PBXSourcesBuildPhase section */
		9796F801245D71D40072E625 /* Sources */ = {
			isa = PBXSourcesBuildPhase;
			buildActionMask = 2147483647;
			files = (
				977F2527245FEBD100C1BD43 /* XIBView.swift in Sources */,
				975D1B3F245ED81D00E9B4BA /* ObservableData.swift in Sources */,
				977F2522245FEB7300C1BD43 /* TopHeadlinesCell.swift in Sources */,
				9796F842245D76010072E625 /* BaseViewController.swift in Sources */,
				977F25512460EA1C00C1BD43 /* BaseTableView.swift in Sources */,
				977F253324600C8600C1BD43 /* UIImageViewExt.swift in Sources */,
				975D1B36245EB9B600E9B4BA /* NewsModel.swift in Sources */,
				977F252C245FEDAA00C1BD43 /* TopHeadLinesCollectionViewCell.swift in Sources */,
				977F2536246051B800C1BD43 /* NewsTableView.swift in Sources */,
				9796F840245D743E0072E625 /* LoaderVC.swift in Sources */,
				9796F80D245D71D40072E625 /* DashboardViewController.swift in Sources */,
				975D1B3C245ED7F900E9B4BA /* LoaderState.swift in Sources */,
				9796F809245D71D40072E625 /* AppDelegate.swift in Sources */,
				975D1B29245EA52C00E9B4BA /* ReactiveExt.swift in Sources */,
				977F25392460543100C1BD43 /* GeneralNewsCell.swift in Sources */,
				9796F847245D7B7A0072E625 /* UITableViewCellExt.swift in Sources */,
				977F254E24607A4600C1BD43 /* SectionHeaderView.swift in Sources */,
				9796F84F245D7D740072E625 /* BaseViewModel.swift in Sources */,
				97C128B5247109DB00386E29 /* BuildConfig.swift in Sources */,
				977F2529245FEC2200C1BD43 /* UIViewExt.swift in Sources */,
				977F25452460628700C1BD43 /* FontConfig.swift in Sources */,
				977F252F2460087000C1BD43 /* UICollectionViewCellExt.swift in Sources */,
				977F254924606FFF00C1BD43 /* SectionData.swift in Sources */,
				977F25542461373100C1BD43 /* NewsDetailViewController.swift in Sources */,
				975D1B2E245EAE7900E9B4BA /* BaseService.swift in Sources */,
				975D1B38245EBEDD00E9B4BA /* NewsService.swift in Sources */,
				9796F844245D76B60072E625 /* AlertBuilder.swift in Sources */,
				977F253124600B3400C1BD43 /* BaseCollectionViewCell.swift in Sources */,
				975D1B30245EAED600E9B4BA /* BaseApi.swift in Sources */,
				9796F80B245D71D40072E625 /* SceneDelegate.swift in Sources */,
				9796F84D245D7D5B0072E625 /* NewsViewModel.swift in Sources */,
				975D1B34245EB01F00E9B4BA /* NewsApi.swift in Sources */,
			);
			runOnlyForDeploymentPostprocessing = 0;
		};
		9796F817245D71D50072E625 /* Sources */ = {
			isa = PBXSourcesBuildPhase;
			buildActionMask = 2147483647;
			files = (
				9796F820245D71D50072E625 /* Indonesian_NewsTests.swift in Sources */,
			);
			runOnlyForDeploymentPostprocessing = 0;
		};
		9796F822245D71D50072E625 /* Sources */ = {
			isa = PBXSourcesBuildPhase;
			buildActionMask = 2147483647;
			files = (
				9796F82B245D71D50072E625 /* Indonesian_NewsUITests.swift in Sources */,
			);
			runOnlyForDeploymentPostprocessing = 0;
		};
/* End PBXSourcesBuildPhase section */

/* Begin PBXTargetDependency section */
		9796F81D245D71D50072E625 /* PBXTargetDependency */ = {
			isa = PBXTargetDependency;
			target = 9796F804245D71D40072E625 /* Indonesian News */;
			targetProxy = 9796F81C245D71D50072E625 /* PBXContainerItemProxy */;
		};
		9796F828245D71D50072E625 /* PBXTargetDependency */ = {
			isa = PBXTargetDependency;
			target = 9796F804245D71D40072E625 /* Indonesian News */;
			targetProxy = 9796F827245D71D50072E625 /* PBXContainerItemProxy */;
		};
/* End PBXTargetDependency section */

/* Begin PBXVariantGroup section */
		9796F80E245D71D40072E625 /* Main.storyboard */ = {
			isa = PBXVariantGroup;
			children = (
				9796F80F245D71D40072E625 /* Base */,
			);
			name = Main.storyboard;
			sourceTree = "<group>";
		};
		9796F813245D71D50072E625 /* LaunchScreen.storyboard */ = {
			isa = PBXVariantGroup;
			children = (
				9796F814245D71D50072E625 /* Base */,
			);
			name = LaunchScreen.storyboard;
			sourceTree = "<group>";
		};
/* End PBXVariantGroup section */

/* Begin XCBuildConfiguration section */
		9796F82D245D71D50072E625 /* Debug */ = {
			isa = XCBuildConfiguration;
			buildSettings = {
				ALWAYS_SEARCH_USER_PATHS = NO;
				CLANG_ANALYZER_NONNULL = YES;
				CLANG_ANALYZER_NUMBER_OBJECT_CONVERSION = YES_AGGRESSIVE;
				CLANG_CXX_LANGUAGE_STANDARD = "gnu++14";
				CLANG_CXX_LIBRARY = "libc++";
				CLANG_ENABLE_MODULES = YES;
				CLANG_ENABLE_OBJC_ARC = YES;
				CLANG_ENABLE_OBJC_WEAK = YES;
				CLANG_WARN_BLOCK_CAPTURE_AUTORELEASING = YES;
				CLANG_WARN_BOOL_CONVERSION = YES;
				CLANG_WARN_COMMA = YES;
				CLANG_WARN_CONSTANT_CONVERSION = YES;
				CLANG_WARN_DEPRECATED_OBJC_IMPLEMENTATIONS = YES;
				CLANG_WARN_DIRECT_OBJC_ISA_USAGE = YES_ERROR;
				CLANG_WARN_DOCUMENTATION_COMMENTS = YES;
				CLANG_WARN_EMPTY_BODY = YES;
				CLANG_WARN_ENUM_CONVERSION = YES;
				CLANG_WARN_INFINITE_RECURSION = YES;
				CLANG_WARN_INT_CONVERSION = YES;
				CLANG_WARN_NON_LITERAL_NULL_CONVERSION = YES;
				CLANG_WARN_OBJC_IMPLICIT_RETAIN_SELF = YES;
				CLANG_WARN_OBJC_LITERAL_CONVERSION = YES;
				CLANG_WARN_OBJC_ROOT_CLASS = YES_ERROR;
				CLANG_WARN_RANGE_LOOP_ANALYSIS = YES;
				CLANG_WARN_STRICT_PROTOTYPES = YES;
				CLANG_WARN_SUSPICIOUS_MOVE = YES;
				CLANG_WARN_UNGUARDED_AVAILABILITY = YES_AGGRESSIVE;
				CLANG_WARN_UNREACHABLE_CODE = YES;
				CLANG_WARN__DUPLICATE_METHOD_MATCH = YES;
				COPY_PHASE_STRIP = NO;
				DEBUG_INFORMATION_FORMAT = dwarf;
				ENABLE_STRICT_OBJC_MSGSEND = YES;
				ENABLE_TESTABILITY = YES;
				GCC_C_LANGUAGE_STANDARD = gnu11;
				GCC_DYNAMIC_NO_PIC = NO;
				GCC_NO_COMMON_BLOCKS = YES;
				GCC_OPTIMIZATION_LEVEL = 0;
				GCC_PREPROCESSOR_DEFINITIONS = (
					"DEBUG=1",
					"$(inherited)",
				);
				GCC_WARN_64_TO_32_BIT_CONVERSION = YES;
				GCC_WARN_ABOUT_RETURN_TYPE = YES_ERROR;
				GCC_WARN_UNDECLARED_SELECTOR = YES;
				GCC_WARN_UNINITIALIZED_AUTOS = YES_AGGRESSIVE;
				GCC_WARN_UNUSED_FUNCTION = YES;
				GCC_WARN_UNUSED_VARIABLE = YES;
				IPHONEOS_DEPLOYMENT_TARGET = 10.3;
				MTL_ENABLE_DEBUG_INFO = INCLUDE_SOURCE;
				MTL_FAST_MATH = YES;
				ONLY_ACTIVE_ARCH = YES;
				SDKROOT = iphoneos;
				SWIFT_ACTIVE_COMPILATION_CONDITIONS = DEBUG;
				SWIFT_OPTIMIZATION_LEVEL = "-Onone";
			};
			name = Debug;
		};
		9796F82E245D71D50072E625 /* Release */ = {
			isa = XCBuildConfiguration;
			buildSettings = {
				ALWAYS_SEARCH_USER_PATHS = NO;
				CLANG_ANALYZER_NONNULL = YES;
				CLANG_ANALYZER_NUMBER_OBJECT_CONVERSION = YES_AGGRESSIVE;
				CLANG_CXX_LANGUAGE_STANDARD = "gnu++14";
				CLANG_CXX_LIBRARY = "libc++";
				CLANG_ENABLE_MODULES = YES;
				CLANG_ENABLE_OBJC_ARC = YES;
				CLANG_ENABLE_OBJC_WEAK = YES;
				CLANG_WARN_BLOCK_CAPTURE_AUTORELEASING = YES;
				CLANG_WARN_BOOL_CONVERSION = YES;
				CLANG_WARN_COMMA = YES;
				CLANG_WARN_CONSTANT_CONVERSION = YES;
				CLANG_WARN_DEPRECATED_OBJC_IMPLEMENTATIONS = YES;
				CLANG_WARN_DIRECT_OBJC_ISA_USAGE = YES_ERROR;
				CLANG_WARN_DOCUMENTATION_COMMENTS = YES;
				CLANG_WARN_EMPTY_BODY = YES;
				CLANG_WARN_ENUM_CONVERSION = YES;
				CLANG_WARN_INFINITE_RECURSION = YES;
				CLANG_WARN_INT_CONVERSION = YES;
				CLANG_WARN_NON_LITERAL_NULL_CONVERSION = YES;
				CLANG_WARN_OBJC_IMPLICIT_RETAIN_SELF = YES;
				CLANG_WARN_OBJC_LITERAL_CONVERSION = YES;
				CLANG_WARN_OBJC_ROOT_CLASS = YES_ERROR;
				CLANG_WARN_RANGE_LOOP_ANALYSIS = YES;
				CLANG_WARN_STRICT_PROTOTYPES = YES;
				CLANG_WARN_SUSPICIOUS_MOVE = YES;
				CLANG_WARN_UNGUARDED_AVAILABILITY = YES_AGGRESSIVE;
				CLANG_WARN_UNREACHABLE_CODE = YES;
				CLANG_WARN__DUPLICATE_METHOD_MATCH = YES;
				COPY_PHASE_STRIP = NO;
				DEBUG_INFORMATION_FORMAT = "dwarf-with-dsym";
				ENABLE_NS_ASSERTIONS = NO;
				ENABLE_STRICT_OBJC_MSGSEND = YES;
				GCC_C_LANGUAGE_STANDARD = gnu11;
				GCC_NO_COMMON_BLOCKS = YES;
				GCC_WARN_64_TO_32_BIT_CONVERSION = YES;
				GCC_WARN_ABOUT_RETURN_TYPE = YES_ERROR;
				GCC_WARN_UNDECLARED_SELECTOR = YES;
				GCC_WARN_UNINITIALIZED_AUTOS = YES_AGGRESSIVE;
				GCC_WARN_UNUSED_FUNCTION = YES;
				GCC_WARN_UNUSED_VARIABLE = YES;
				IPHONEOS_DEPLOYMENT_TARGET = 10.3;
				MTL_ENABLE_DEBUG_INFO = NO;
				MTL_FAST_MATH = YES;
				SDKROOT = iphoneos;
				SWIFT_COMPILATION_MODE = wholemodule;
				SWIFT_OPTIMIZATION_LEVEL = "-O";
				VALIDATE_PRODUCT = YES;
			};
			name = Release;
		};
		9796F830245D71D50072E625 /* Debug */ = {
			isa = XCBuildConfiguration;
			baseConfigurationReference = 711AC10A26D81A7681AE97FF /* Pods-Indonesian News.debug.xcconfig */;
			buildSettings = {
				API_KEY = 5ec17823e4b64585a5f9659e529ed156;
				ASSETCATALOG_COMPILER_APPICON_NAME = AppIcon;
				BASE_URL = "http://newsapi.org/v2";
				CODE_SIGN_STYLE = Automatic;
				DEVELOPMENT_TEAM = H9UB4842E4;
				INFOPLIST_FILE = "Indonesian News/Core/Info.plist";
				IPHONEOS_DEPLOYMENT_TARGET = 13.0;
				LD_RUNPATH_SEARCH_PATHS = (
					"$(inherited)",
					"@executable_path/Frameworks",
				);
				PRODUCT_BUNDLE_IDENTIFIER = "com.yovieputra.Indonesian-News";
				PRODUCT_NAME = "$(TARGET_NAME)";
				SWIFT_VERSION = 5.0;
				TARGETED_DEVICE_FAMILY = "1,2";
			};
			name = Debug;
		};
		9796F831245D71D50072E625 /* Release */ = {
			isa = XCBuildConfiguration;
			baseConfigurationReference = E1BAFE5E7F85BC8C52537B62 /* Pods-Indonesian News.release.xcconfig */;
			buildSettings = {
				API_KEY = 5ec17823e4b64585a5f9659e529ed156;
				ASSETCATALOG_COMPILER_APPICON_NAME = AppIcon;
				BASE_URL = "http://newsapi.org/v2";
				CODE_SIGN_STYLE = Automatic;
				DEVELOPMENT_TEAM = H9UB4842E4;
				INFOPLIST_FILE = "Indonesian News/Core/Info.plist";
				IPHONEOS_DEPLOYMENT_TARGET = 13.0;
				LD_RUNPATH_SEARCH_PATHS = (
					"$(inherited)",
					"@executable_path/Frameworks",
				);
				PRODUCT_BUNDLE_IDENTIFIER = "com.yovieputra.Indonesian-News";
				PRODUCT_NAME = "$(TARGET_NAME)";
				SWIFT_VERSION = 5.0;
				TARGETED_DEVICE_FAMILY = "1,2";
			};
			name = Release;
		};
		9796F833245D71D50072E625 /* Debug */ = {
			isa = XCBuildConfiguration;
			baseConfigurationReference = 96C8F7E476C9588873A20085 /* Pods-Indonesian NewsTests.debug.xcconfig */;
			buildSettings = {
				ALWAYS_EMBED_SWIFT_STANDARD_LIBRARIES = YES;
				BUNDLE_LOADER = "$(TEST_HOST)";
				CODE_SIGN_STYLE = Automatic;
				DEVELOPMENT_TEAM = H9UB4842E4;
				INFOPLIST_FILE = "Indonesian NewsTests/Info.plist";
				IPHONEOS_DEPLOYMENT_TARGET = 13.4;
				LD_RUNPATH_SEARCH_PATHS = (
					"$(inherited)",
					"@executable_path/Frameworks",
					"@loader_path/Frameworks",
				);
				PRODUCT_BUNDLE_IDENTIFIER = "com.yovieputra.Indonesian-NewsTests";
				PRODUCT_NAME = "$(TARGET_NAME)";
				SWIFT_VERSION = 5.0;
				TARGETED_DEVICE_FAMILY = "1,2";
				TEST_HOST = "$(BUILT_PRODUCTS_DIR)/Indonesian News.app/Indonesian News";
			};
			name = Debug;
		};
		9796F834245D71D50072E625 /* Release */ = {
			isa = XCBuildConfiguration;
			baseConfigurationReference = 9B1A95C301DCF5C7422521C4 /* Pods-Indonesian NewsTests.release.xcconfig */;
			buildSettings = {
				ALWAYS_EMBED_SWIFT_STANDARD_LIBRARIES = YES;
				BUNDLE_LOADER = "$(TEST_HOST)";
				CODE_SIGN_STYLE = Automatic;
				DEVELOPMENT_TEAM = H9UB4842E4;
				INFOPLIST_FILE = "Indonesian NewsTests/Info.plist";
				IPHONEOS_DEPLOYMENT_TARGET = 13.4;
				LD_RUNPATH_SEARCH_PATHS = (
					"$(inherited)",
					"@executable_path/Frameworks",
					"@loader_path/Frameworks",
				);
				PRODUCT_BUNDLE_IDENTIFIER = "com.yovieputra.Indonesian-NewsTests";
				PRODUCT_NAME = "$(TARGET_NAME)";
				SWIFT_VERSION = 5.0;
				TARGETED_DEVICE_FAMILY = "1,2";
				TEST_HOST = "$(BUILT_PRODUCTS_DIR)/Indonesian News.app/Indonesian News";
			};
			name = Release;
		};
		9796F836245D71D50072E625 /* Debug */ = {
			isa = XCBuildConfiguration;
			buildSettings = {
				ALWAYS_EMBED_SWIFT_STANDARD_LIBRARIES = YES;
				CODE_SIGN_STYLE = Automatic;
				DEVELOPMENT_TEAM = H9UB4842E4;
				INFOPLIST_FILE = "Indonesian NewsUITests/Info.plist";
				LD_RUNPATH_SEARCH_PATHS = (
					"$(inherited)",
					"@executable_path/Frameworks",
					"@loader_path/Frameworks",
				);
				PRODUCT_BUNDLE_IDENTIFIER = "com.yovieputra.Indonesian-NewsUITests";
				PRODUCT_NAME = "$(TARGET_NAME)";
				SWIFT_VERSION = 5.0;
				TARGETED_DEVICE_FAMILY = "1,2";
				TEST_TARGET_NAME = "Indonesian News";
			};
			name = Debug;
		};
		9796F837245D71D50072E625 /* Release */ = {
			isa = XCBuildConfiguration;
			buildSettings = {
				ALWAYS_EMBED_SWIFT_STANDARD_LIBRARIES = YES;
				CODE_SIGN_STYLE = Automatic;
				DEVELOPMENT_TEAM = H9UB4842E4;
				INFOPLIST_FILE = "Indonesian NewsUITests/Info.plist";
				LD_RUNPATH_SEARCH_PATHS = (
					"$(inherited)",
					"@executable_path/Frameworks",
					"@loader_path/Frameworks",
				);
				PRODUCT_BUNDLE_IDENTIFIER = "com.yovieputra.Indonesian-NewsUITests";
				PRODUCT_NAME = "$(TARGET_NAME)";
				SWIFT_VERSION = 5.0;
				TARGETED_DEVICE_FAMILY = "1,2";
				TEST_TARGET_NAME = "Indonesian News";
			};
			name = Release;
		};
/* End XCBuildConfiguration section */

/* Begin XCConfigurationList section */
		9796F800245D71D40072E625 /* Build configuration list for PBXProject "Indonesian News" */ = {
			isa = XCConfigurationList;
			buildConfigurations = (
				9796F82D245D71D50072E625 /* Debug */,
				9796F82E245D71D50072E625 /* Release */,
			);
			defaultConfigurationIsVisible = 0;
			defaultConfigurationName = Release;
		};
		9796F82F245D71D50072E625 /* Build configuration list for PBXNativeTarget "Indonesian News" */ = {
			isa = XCConfigurationList;
			buildConfigurations = (
				9796F830245D71D50072E625 /* Debug */,
				9796F831245D71D50072E625 /* Release */,
			);
			defaultConfigurationIsVisible = 0;
			defaultConfigurationName = Release;
		};
		9796F832245D71D50072E625 /* Build configuration list for PBXNativeTarget "Indonesian NewsTests" */ = {
			isa = XCConfigurationList;
			buildConfigurations = (
				9796F833245D71D50072E625 /* Debug */,
				9796F834245D71D50072E625 /* Release */,
			);
			defaultConfigurationIsVisible = 0;
			defaultConfigurationName = Release;
		};
		9796F835245D71D50072E625 /* Build configuration list for PBXNativeTarget "Indonesian NewsUITests" */ = {
			isa = XCConfigurationList;
			buildConfigurations = (
				9796F836245D71D50072E625 /* Debug */,
				9796F837245D71D50072E625 /* Release */,
			);
			defaultConfigurationIsVisible = 0;
			defaultConfigurationName = Release;
		};
/* End XCConfigurationList section */
	};
	rootObject = 9796F7FD245D71D40072E625 /* Project object */;
}
